
Microsoft Visual Studio Solution File, Format Version 12.00
# Visual Studio Version 16
VisualStudioVersion = 16.0.30621.155
MinimumVisualStudioVersion = 10.0.40219.1
Project("{FAE04EC0-301F-11D3-BF4B-00C04F79EFBC}") = "CimpressOnlineTest", "CimpressOnlineTest\CimpressOnlineTest.csproj", "{D6336C3E-69BE-4652-92CE-139E8F300AA6}"
EndProject
Project("{FAE04EC0-301F-11D3-BF4B-00C04F79EFBC}") = "CimpressShoppingCart", "CimpressShoppingCart\CimpressShoppingCart.csproj", "{2ECC059F-70E4-4E41-9D10-34989034D011}"
EndProject
Global
	GlobalSection(SolutionConfigurationPlatforms) = preSolution
		Debug|Any CPU = Debug|Any CPU
		Release|Any CPU = Release|Any CPU
	EndGlobalSection
	GlobalSection(ProjectConfigurationPlatforms) = postSolution
		{D6336C3E-69BE-4652-92CE-139E8F300AA6}.Debug|Any CPU.ActiveCfg = Debug|Any CPU
		{D6336C3E-69BE-4652-92CE-139E8F300AA6}.Debug|Any CPU.Build.0 = Debug|Any CPU
		{D6336C3E-69BE-4652-92CE-139E8F300AA6}.Release|Any CPU.ActiveCfg = Release|Any CPU
		{D6336C3E-69BE-4652-92CE-139E8F300AA6}.Release|Any CPU.Build.0 = Release|Any CPU
		{2ECC059F-70E4-4E41-9D10-34989034D011}.Debug|Any CPU.ActiveCfg = Debug|Any CPU
		{2ECC059F-70E4-4E41-9D10-34989034D011}.Debug|Any CPU.Build.0 = Debug|Any CPU
		{2ECC059F-70E4-4E41-9D10-34989034D011}.Release|Any CPU.ActiveCfg = Release|Any CPU
		{2ECC059F-70E4-4E41-9D10-34989034D011}.Release|Any CPU.Build.0 = Release|Any CPU
	EndGlobalSection
	GlobalSection(SolutionProperties) = preSolution
		HideSolutionNode = FALSE
	EndGlobalSection
	GlobalSection(ExtensibilityGlobals) = postSolution
		SolutionGuid = {61DDAB75-B312-4AF5-BDEB-E5F066B0800C}
	EndGlobalSection
EndGlobal
